{
    "_meta": {
        "hash": {
            "sha256": "5f67bf0203bb65ad772260d328b5ddde8dfcfa9a1a11aae86441e10965948329"
        },
        "pipfile-spec": 6,
        "requires": {
            "python_version": "3.12"
        },
        "sources": [
            {
                "name": "pypi",
                "url": "https://pypi.org/simple",
                "verify_ssl": true
            }
        ]
    },
    "default": {
        "annotated-types": {
            "hashes": [
                "sha256:1f02e8b43a8fbbc3f3e0d4f0f4bfc8131bcb4eebe8849b8e5c773f3a1c582a53",
                "sha256:aff07c09a53a08bc8cfccb9c85b05f1aa9a2a6f23728d790723543408344ce89"
            ],
            "markers": "python_version >= '3.8'",
            "version": "==0.7.0"
        },
        "anyio": {
            "hashes": [
                "sha256:5aadc6a1bbb7cdb0bede386cac5e2940f5e2ff3aa20277e991cf028e0585ce94",
                "sha256:c1b2d8f46a8a812513012e1107cb0e68c17159a7a594208005a57dc776e1bdc7"
            ],
            "markers": "python_version >= '3.8'",
            "version": "==4.4.0"
        },
        "beanie": {
            "hashes": [
                "sha256:4436ac740718ccd62b21576778679ac972359fce2938557890c576adbbf5e244",
                "sha256:f153866b9ba015274102e10a397602d088fc039b705bd806cb447c898cd2979b"
            ],
            "index": "pypi",
            "markers": "python_version >= '3.7' and python_version < '4.0'",
            "version": "==1.25.0"
        },
        "click": {
            "hashes": [
                "sha256:ae74fb96c20a0277a1d615f1e4d73c8414f5a98db8b799a7931d1582f3390c28",
                "sha256:ca9853ad459e787e2192211578cc907e7594e294c7ccc834310722b41b9ca6de"
            ],
            "markers": "python_version >= '3.7'",
            "version": "==8.1.7"
        },
        "colorama": {
            "hashes": [
                "sha256:08695f5cb7ed6e0531a20572697297273c47b8cae5a63ffc6d6ed5c201be6e44",
                "sha256:4f1d9991f5acc0ca119f9d443620b77f9d6b33703e51011c16baf57afb285fc6"
            ],
            "markers": "platform_system == 'Windows'",
            "version": "==0.4.6"
        },
        "dnspython": {
            "hashes": [
                "sha256:5ef3b9680161f6fa89daf8ad451b5f1a33b18ae8a1c6778cdf4b43f08c0a6e50",
                "sha256:e8f0f9c23a7b7cb99ded64e6c3a6f3e701d78f50c55e002b839dea7225cff7cc"
            ],
            "markers": "python_version >= '3.8'",
            "version": "==2.6.1"
        },
        "email-validator": {
            "hashes": [
                "sha256:200a70680ba08904be6d1eef729205cc0d687634399a5924d842533efb824b84",
                "sha256:97d882d174e2a65732fb43bfce81a3a834cbc1bde8bf419e30ef5ea976370a05"
            ],
            "version": "==2.1.1"
        },
        "fastapi": {
            "hashes": [
                "sha256:555700b0159379e94fdbfc6bb66a0f1c43f4cf7060f25239af3d84b63a656626",
                "sha256:fd7600612f755e4050beb74001310b5a7e1796d149c2ee363124abdfa0289d32"
            ],
            "index": "pypi",
            "markers": "python_version >= '3.8'",
            "version": "==0.110.3"
        },
        "h11": {
            "hashes": [
                "sha256:8f19fbbe99e72420ff35c00b27a34cb9937e902a8b810e2c88300c6f0a3b699d",
                "sha256:e3fe4ac4b851c468cc8363d500db52c2ead036020723024a109d37346efaa761"
            ],
            "markers": "python_version >= '3.7'",
            "version": "==0.14.0"
        },
        "idna": {
            "hashes": [
                "sha256:028ff3aadf0609c1fd278d8ea3089299412a7a8b9bd005dd08b9f8285bcb5cfc",
                "sha256:82fee1fc78add43492d3a1898bfa6d8a904cc97d8427f683ed8e798d07761aa0"
            ],
            "markers": "python_version >= '3.5'",
            "version": "==3.7"
        },
        "lazy-model": {
            "hashes": [
                "sha256:57c0e91e171530c4fca7aebc3ac05a163a85cddd941bf7527cc46c0ddafca47c",
                "sha256:5a3241775c253e36d9069d236be8378288a93d4fc53805211fd152e04cc9c342"
            ],
            "markers": "python_version >= '3.7' and python_version < '4.0'",
            "version": "==0.2.0"
        },
        "motor": {
            "hashes": [
                "sha256:6fe7e6f0c4f430b9e030b9d22549b732f7c2226af3ab71ecc309e4a1b7d19953",
                "sha256:d2fc38de15f1c8058f389c1a44a4d4105c0405c48c061cd492a654496f7bc26a"
            ],
            "index": "pypi",
            "markers": "python_version >= '3.7'",
            "version": "==3.3.2"
        },
        "pydantic": {
            "extras": [
                "email"
            ],
            "hashes": [
                "sha256:71b2945998f9c9b7919a45bde9a50397b289937d215ae141c1d0903ba7149fd7",
                "sha256:834ab954175f94e6e68258537dc49402c4a5e9d0409b9f1b86b7e934a8372de7"
            ],
            "markers": "python_version >= '3.8'",
            "version": "==2.7.2"
        },
        "pydantic-core": {
            "hashes": [
                "sha256:0bee9bb305a562f8b9271855afb6ce00223f545de3d68560b3c1649c7c5295e9",
                "sha256:0ecce4b2360aa3f008da3327d652e74a0e743908eac306198b47e1c58b03dd2b",
                "sha256:17954d784bf8abfc0ec2a633108207ebc4fa2df1a0e4c0c3ccbaa9bb01d2c426",
                "sha256:19d2e725de0f90d8671f89e420d36c3dd97639b98145e42fcc0e1f6d492a46dc",
                "sha256:1f9cd7f5635b719939019be9bda47ecb56e165e51dd26c9a217a433e3d0d59a9",
                "sha256:200ad4e3133cb99ed82342a101a5abf3d924722e71cd581cc113fe828f727fbc",
                "sha256:24b214b7ee3bd3b865e963dbed0f8bc5375f49449d70e8d407b567af3222aae4",
                "sha256:2c44efdd3b6125419c28821590d7ec891c9cb0dff33a7a78d9d5c8b6f66b9702",
                "sha256:2c8333f6e934733483c7eddffdb094c143b9463d2af7e6bd85ebcb2d4a1b82c6",
                "sha256:2f7ef5f0ebb77ba24c9970da18b771711edc5feaf00c10b18461e0f5f5949231",
                "sha256:304378b7bf92206036c8ddd83a2ba7b7d1a5b425acafff637172a3aa72ad7083",
                "sha256:370059b7883485c9edb9655355ff46d912f4b03b009d929220d9294c7fd9fd60",
                "sha256:37b40c05ced1ba4218b14986fe6f283d22e1ae2ff4c8e28881a70fb81fbfcda7",
                "sha256:3d3e42bb54e7e9d72c13ce112e02eb1b3b55681ee948d748842171201a03a98a",
                "sha256:3fc1c7f67f34c6c2ef9c213e0f2a351797cda98249d9ca56a70ce4ebcaba45f4",
                "sha256:41dbdcb0c7252b58fa931fec47937edb422c9cb22528f41cb8963665c372caf6",
                "sha256:432e999088d85c8f36b9a3f769a8e2b57aabd817bbb729a90d1fe7f18f6f1f39",
                "sha256:45e4ffbae34f7ae30d0047697e724e534a7ec0a82ef9994b7913a412c21462a0",
                "sha256:4afa5f5973e8572b5c0dcb4e2d4fda7890e7cd63329bd5cc3263a25c92ef0026",
                "sha256:544a9a75622357076efb6b311983ff190fbfb3c12fc3a853122b34d3d358126c",
                "sha256:5560dda746c44b48bf82b3d191d74fe8efc5686a9ef18e69bdabccbbb9ad9442",
                "sha256:58ff8631dbab6c7c982e6425da8347108449321f61fe427c52ddfadd66642af7",
                "sha256:5a64faeedfd8254f05f5cf6fc755023a7e1606af3959cfc1a9285744cc711044",
                "sha256:60e4c625e6f7155d7d0dcac151edf5858102bc61bf959d04469ca6ee4e8381bd",
                "sha256:616221a6d473c5b9aa83fa8982745441f6a4a62a66436be9445c65f241b86c94",
                "sha256:63081a49dddc6124754b32a3774331467bfc3d2bd5ff8f10df36a95602560361",
                "sha256:666e45cf071669fde468886654742fa10b0e74cd0fa0430a46ba6056b24fb0af",
                "sha256:67bc078025d70ec5aefe6200ef094576c9d86bd36982df1301c758a9fff7d7f4",
                "sha256:691018785779766127f531674fa82bb368df5b36b461622b12e176c18e119022",
                "sha256:6a36f78674cbddc165abab0df961b5f96b14461d05feec5e1f78da58808b97e7",
                "sha256:6afd5c867a74c4d314c557b5ea9520183fadfbd1df4c2d6e09fd0d990ce412cd",
                "sha256:6b32c2a1f8032570842257e4c19288eba9a2bba4712af542327de9a1204faff8",
                "sha256:6e59fca51ffbdd1638b3856779342ed69bcecb8484c1d4b8bdb237d0eb5a45e2",
                "sha256:70cf099197d6b98953468461d753563b28e73cf1eade2ffe069675d2657ed1d5",
                "sha256:73038d66614d2e5cde30435b5afdced2b473b4c77d4ca3a8624dd3e41a9c19be",
                "sha256:744697428fcdec6be5670460b578161d1ffe34743a5c15656be7ea82b008197c",
                "sha256:77319771a026f7c7d29c6ebc623de889e9563b7087911b46fd06c044a12aa5e9",
                "sha256:7a20dded653e516a4655f4c98e97ccafb13753987434fe7cf044aa25f5b7d417",
                "sha256:7e6382ce89a92bc1d0c0c5edd51e931432202b9080dc921d8d003e616402efd1",
                "sha256:7fdd362f6a586e681ff86550b2379e532fee63c52def1c666887956748eaa326",
                "sha256:80aea0ffeb1049336043d07799eace1c9602519fb3192916ff525b0287b2b1e4",
                "sha256:82f2718430098bcdf60402136c845e4126a189959d103900ebabb6774a5d9fdb",
                "sha256:855ec66589c68aa367d989da5c4755bb74ee92ccad4fdb6af942c3612c067e34",
                "sha256:9128089da8f4fe73f7a91973895ebf2502539d627891a14034e45fb9e707e26d",
                "sha256:929c24e9dea3990bc8bcd27c5f2d3916c0c86f5511d2caa69e0d5290115344a9",
                "sha256:98ed737567d8f2ecd54f7c8d4f8572ca7c7921ede93a2e52939416170d357812",
                "sha256:9a46795b1f3beb167eaee91736d5d17ac3a994bf2215a996aed825a45f897558",
                "sha256:9f9e04afebd3ed8c15d67a564ed0a34b54e52136c6d40d14c5547b238390e779",
                "sha256:a4e651e47d981c1b701dcc74ab8fec5a60a5b004650416b4abbef13db23bc7be",
                "sha256:a62e437d687cc148381bdd5f51e3e81f5b20a735c55f690c5be94e05da2b0d5c",
                "sha256:aaee40f25bba38132e655ffa3d1998a6d576ba7cf81deff8bfa189fb43fd2bbe",
                "sha256:adf952c3f4100e203cbaf8e0c907c835d3e28f9041474e52b651761dc248a3c0",
                "sha256:b367a73a414bbb08507da102dc2cde0fa7afe57d09b3240ce82a16d608a7679c",
                "sha256:b8e20e15d18bf7dbb453be78a2d858f946f5cdf06c5072453dace00ab652e2b2",
                "sha256:b95a0972fac2b1ff3c94629fc9081b16371dad870959f1408cc33b2f78ad347a",
                "sha256:b9ebe8231726c49518b16b237b9fe0d7d361dd221302af511a83d4ada01183ab",
                "sha256:ba905d184f62e7ddbb7a5a751d8a5c805463511c7b08d1aca4a3e8c11f2e5048",
                "sha256:bd4435b8d83f0c9561a2a9585b1de78f1abb17cb0cef5f39bf6a4b47d19bafe3",
                "sha256:bd7df92f28d351bb9f12470f4c533cf03d1b52ec5a6e5c58c65b183055a60106",
                "sha256:c0037a92cf0c580ed14e10953cdd26528e8796307bb8bb312dc65f71547df04d",
                "sha256:c0d9ff283cd3459fa0bf9b0256a2b6f01ac1ff9ffb034e24457b9035f75587cb",
                "sha256:c56eca1686539fa0c9bda992e7bd6a37583f20083c37590413381acfc5f192d6",
                "sha256:c6ac9ffccc9d2e69d9fba841441d4259cb668ac180e51b30d3632cd7abca2b9b",
                "sha256:c826870b277143e701c9ccf34ebc33ddb4d072612683a044e7cce2d52f6c3fef",
                "sha256:cd4a032bb65cc132cae1fe3e52877daecc2097965cd3914e44fbd12b00dae7c5",
                "sha256:d33ce258e4e6e6038f2b9e8b8a631d17d017567db43483314993b3ca345dcbbb",
                "sha256:d531076bdfb65af593326ffd567e6ab3da145020dafb9187a1d131064a55f97c",
                "sha256:dccf3ef1400390ddd1fb55bf0632209d39140552d068ee5ac45553b556780e06",
                "sha256:df11fa992e9f576473038510d66dd305bcd51d7dd508c163a8c8fe148454e059",
                "sha256:e1a8376fef60790152564b0eab376b3e23dd6e54f29d84aad46f7b264ecca943",
                "sha256:e201935d282707394f3668380e41ccf25b5794d1b131cdd96b07f615a33ca4b1",
                "sha256:e2e253af04ceaebde8eb201eb3f3e3e7e390f2d275a88300d6a1959d710539e2",
                "sha256:e862823be114387257dacbfa7d78547165a85d7add33b446ca4f4fae92c7ff5c",
                "sha256:eecf63195be644b0396f972c82598cd15693550f0ff236dcf7ab92e2eb6d3522",
                "sha256:f0928cde2ae416a2d1ebe6dee324709c6f73e93494d8c7aea92df99aab1fc40f",
                "sha256:f9c08cabff68704a1b4667d33f534d544b8a07b8e5d039c37067fceb18789e78",
                "sha256:fec02527e1e03257aa25b1a4dcbe697b40a22f1229f5d026503e8b7ff6d2eda7",
                "sha256:ff58f379345603d940e461eae474b6bbb6dab66ed9a851ecd3cb3709bf4dcf6a",
                "sha256:ffecbb5edb7f5ffae13599aec33b735e9e4c7676ca1633c60f2c606beb17efc5"
            ],
            "markers": "python_version >= '3.8'",
            "version": "==2.18.3"
        },
        "pydantic-settings": {
            "hashes": [
                "sha256:00b9f6a5e95553590434c0fa01ead0b216c3e10bc54ae02e37f359948643c5ed",
                "sha256:0235391d26db4d2190cb9b31051c4b46882d28a51533f97440867f012d4da091"
            ],
            "index": "pypi",
            "markers": "python_version >= '3.8'",
            "version": "==2.2.1"
        },
        "pyjwt": {
            "hashes": [
                "sha256:57e28d156e3d5c10088e0c68abb90bfac3df82b40a71bd0daa20c65ccd5c23de",
                "sha256:59127c392cc44c2da5bb3192169a91f429924e17aff6534d70fdc02ab3e04320"
            ],
            "index": "pypi",
            "markers": "python_version >= '3.7'",
            "version": "==2.8.0"
        },
        "pymongo": {
            "hashes": [
                "sha256:00e6cfce111883ca63a3c12878286e0b89871f4b840290e61fb6f88ee0e687be",
                "sha256:01277a7e183c59081368e4efbde2b8f577014431b257959ca98d3a4e8682dd51",
                "sha256:0182899aafe830f25cf96c5976d724efeaaf7b6646c15424ad8dd25422b2efe1",
                "sha256:098d420a8214ad25f872de7e8b309441995d12ece0376218a04d9ed5d2222cf3",
                "sha256:0a4ea44e5a913bdb7c9abd34c69e9fcfac10dfaf49765463e0dc1ea922dd2a9d",
                "sha256:0e208f2ab7b495eff8fd175022abfb0abce6307ac5aee3f4de51fc1a459b71c9",
                "sha256:138b9fa18d40401c217bc038a48bcde4160b02d36d8632015b1804971a2eaa2f",
                "sha256:14a82593528cddc93cfea5ee78fac95ae763a3a4e124ca79ee0b24fbbc6da1c9",
                "sha256:151361c101600a85cb1c1e0db4e4b28318b521fcafa9b62d389f7342faaaee80",
                "sha256:17c1c143ba77d6e21fc8b48e93f0a5ed982a23447434e9ee4fbb6d633402506b",
                "sha256:18e5c161b18660f1c9d1f78236de45520a436be65e42b7bb51f25f74ad22bdde",
                "sha256:1c2761302b6cbfd12e239ce1b8061d4cf424a361d199dcb32da534985cae9350",
                "sha256:26d036e0f5de09d0b21d0fc30314fcf2ae6359e4d43ae109aa6cf27b4ce02d30",
                "sha256:2a6ae9a600bbc2dbff719c98bf5da584fb8a4f2bb23729a09be2e9c3dbc61c8a",
                "sha256:2ef1b4992ee1cb8bb16745e70afa0c02c5360220a7a8bb4775888721f052d0a6",
                "sha256:36d7049fc183fe4edda3eae7f66ea14c660921429e082fe90b4b7f4dc6664a70",
                "sha256:391aea047bba928006114282f175bc8d09c53fe1b7d8920bf888325e229302fe",
                "sha256:3b909e5b1864de01510079b39bbdc480720c37747be5552b354bc73f02c24a3c",
                "sha256:3e1ba5a037c526a3f4060c28f8d45d71ed9626e2bf954b0cd9a8dcc3b45172ee",
                "sha256:400074090b9a631f120b42c61b222fd743490c133a5d2f99c0208cefcccc964e",
                "sha256:462684a6f5ce6f2661c30eab4d1d459231e0eed280f338e716e31a24fc09ccb3",
                "sha256:4670edbb5ddd71a4d555668ef99b032a5f81b59e4145d66123aa0d831eac7883",
                "sha256:48c60bd32ec141c0d45d8471179430003d9fb4490da181b8165fb1dce9cc255c",
                "sha256:4955be64d943b30f2a7ff98d818ca530f7cb37450bc6b32c37e0e74821907ef8",
                "sha256:4a0660ce32d8459b7f12dc3ca0141528fead62d3cce31b548f96f30902074cc0",
                "sha256:4d167d546352869125dc86f6fda6dffc627d8a9c8963eaee665825f2520d542b",
                "sha256:53451190b8628e1ce7d1fe105dc376c3f10705127bd3b51fe3e107b9ff1851e6",
                "sha256:5c8a4982f5eb767c6fbfb8fb378683d09bcab7c3251ba64357eef600d43f6c23",
                "sha256:5f465cca9b178e7bb782f952dd58e9e92f8ba056e585959465f2bb50feddef5f",
                "sha256:60931b0e07448afe8866ffff764cd5bf4b1a855dc84c7dcb3974c6aa6a377a59",
                "sha256:664c64b6bdb31aceb80f0556951e5e2bf50d359270732268b4e7af00a1cf5d6c",
                "sha256:6b5aec78aa4840e8d6c3881900259892ab5733a366696ca10d99d68c3d73eaaf",
                "sha256:6cec7279e5a1b74b257d0270a8c97943d745811066630a6bc6beb413c68c6a33",
                "sha256:6d5b35da9e16cda630baed790ffc3d0d01029d269523a7cec34d2ec7e6823e75",
                "sha256:6de33f1b2eed91b802ec7abeb92ffb981d052f3604b45588309aae9e0f6e3c02",
                "sha256:705a9bfd619301ee7e985d6f91f68b15dfcb2f6f36b8cc225cc82d4260d2bce5",
                "sha256:722f2b709b63311c0efda4fa4c603661faa4bec6bad24a6cc41a3bc6d841bf09",
                "sha256:731a92dfc4022db763bfa835c6bd160f2d2cba6ada75749c2ed500e13983414b",
                "sha256:7330245253fbe2e09845069d2f4d35dd27f63e377034c94cb0ddac18bc8b0d82",
                "sha256:75107a386d4ccf5291e75cce8ca3898430e7907f4cc1208a17c9efad33a1ea84",
                "sha256:7df8b166d3db6cfead4cf55b481408d8f0935d8bd8d6dbf64507c49ef82c7200",
                "sha256:7ee79e02a7c5ed34706ecb5dad19e6c7d267cf86d28c075ef3127c58f3081279",
                "sha256:872bad5c83f7eec9da11e1fef5f858c6a4c79fe4a83c7780e7b0fe95d560ae3f",
                "sha256:8b3853fb66bf34ce1b6e573e1bbb3cb28763be9d1f57758535757faf1ab2f24a",
                "sha256:8d0ea740a2faa56f930dc82c5976d96c017ece26b29a1cddafb58721c7aab960",
                "sha256:8e97c138d811e9367723fcd07c4402a9211caae20479fdd6301d57762778a69f",
                "sha256:90525454546536544307e6da9c81f331a71a1b144e2d038fec587cc9f9250285",
                "sha256:9066dff9dc0a182478ca5885d0b8a2b820b462e19459ada109df7a3ced31b272",
                "sha256:9757602fb45c8ecc1883fe6db7c59c19d87eb3c645ec9342d28a6026837da931",
                "sha256:98877a9c4ad42df8253a12d8d17a3265781d1feb5c91c767bd153f88feb0b670",
                "sha256:994386a4d6ad39e18bcede6dc8d1d693ec3ed897b88f86b1841fbc37227406da",
                "sha256:9b35f8bded43ff91475305445fedf0613f880ff7e25c75ae1028e1260a9b7a86",
                "sha256:9c9340c7161e112e36ebb97fbba1cdbe7db3dfacb694d2918b1f155a01f3d859",
                "sha256:9e51e30d67b468a2a634ade928b30cb3e420127f148a9aec60de33f39087bdc4",
                "sha256:a023804a3ac0f85d4510265b60978522368b5815772262e61e3a2222a8b315c9",
                "sha256:aa310096450e9c461b7dfd66cbc1c41771fe36c06200440bb3e062b1d4a06b6e",
                "sha256:af039afc6d787502c02089759778b550cb2f25dbe2780f5b050a2e37031c3fbf",
                "sha256:af5c5112db04cf62a5d9d224a24f289aaecb47d152c08a457cca81cee061d5bd",
                "sha256:b3d10bdd46cbc35a2109737d36ffbef32e7420569a87904738ad444ccb7ac2c5",
                "sha256:b7cf28d9c90e40d4e385b858e4095739829f466f23e08674085161d86bb4bb10",
                "sha256:bec8e4e88984be157408f1923d25869e1b575c07711cdbdde596f66931800934",
                "sha256:becfa816545a48c8e740ac2fd624c1c121e1362072d68ffcf37a6b1be8ea187e",
                "sha256:c2ad3e5bfcd345c0bfe9af69a82d720860b5b043c1657ffb513c18a0dee19c19",
                "sha256:c4726e36a2f7e92f09f5b8e92ba4db7525daffe31a0dcbcf0533edc0ade8c7d8",
                "sha256:c67c19f653053ef2ebd7f1837c2978400058d6d7f66ec5760373a21eaf660158",
                "sha256:c701de8e483fb5e53874aab642235361aac6de698146b02c644389eaa8c137b6",
                "sha256:cc7a26edf79015c58eea46feb5b262cece55bc1d4929a8a9e0cbe7e6d6a9b0eb",
                "sha256:ccc15a7c7a99aed7d0831eaf78a607f1db0c7a255f96e3d18984231acd72f70c",
                "sha256:cd6c15242d9306ff1748681c3235284cbe9f807aeaa86cd17d85e72af626e9a7",
                "sha256:cdbea2aac1a4caa66ee912af3601557d2bda2f9f69feec83601c78c7e53ece64",
                "sha256:d30d5d7963453b478016bf7b0d87d7089ca24d93dbdecfbc9aa32f1b4772160a",
                "sha256:dde9fb6e105ce054339256a8b7a9775212ebb29596ef4e402d7bbc63b354d202",
                "sha256:e097f877de4d6af13a33ef938bf2a2350f424be5deabf8b857da95f5b080487a",
                "sha256:e1e1586ebdebe0447a24842480defac17c496430a218486c96e2da3f164c0f05",
                "sha256:e344d0afdd7c06c1f1e66a4736593293f432defc2191e6b411fc9c82fa8c5adc",
                "sha256:e4056bc421d4df2c61db4e584415f2b0f1eebb92cbf9222f7f38303467c37117",
                "sha256:e420e74c6db4594a6d09f39b58c0772679006cb0b4fc40901ba608794d87dad2",
                "sha256:e458e6fc2b7dd40d15cda04898bd2d8c9ff7ae086c516bc261628d54eb4e3158",
                "sha256:eaf3d594ebfd5e1f3503d81e06a5d78e33cda27418b36c2491c3d4ad4fca5972",
                "sha256:ebcc145c74d06296ce0cad35992185064e5cb2aadef719586778c144f0cd4d37",
                "sha256:f4330c022024e7994b630199cdae909123e4b0e9cf15335de71b146c0f6a2435",
                "sha256:ff7d1f449fcad23d9bc8e8dc2b9972be38bcd76d99ea5f7d29b2efa929c2a7ff"
            ],
            "index": "pypi",
            "markers": "python_version >= '3.7'",
            "version": "==4.6.3"
        },
        "python-dotenv": {
            "hashes": [
                "sha256:e324ee90a023d808f1959c46bcbc04446a10ced277783dc6ee09987c37ec10ca",
                "sha256:f7b63ef50f1b690dddf550d03497b66d609393b40b564ed0d674909a68ebf16a"
            ],
            "markers": "python_version >= '3.8'",
            "version": "==1.0.1"
        },
        "sniffio": {
            "hashes": [
                "sha256:2f6da418d1f1e0fddd844478f41680e794e6051915791a034ff65e5f100525a2",
                "sha256:f4324edc670a0f49750a81b895f35c3adb843cca46f0530f79fc1babb23789dc"
            ],
            "markers": "python_version >= '3.7'",
            "version": "==1.3.1"
        },
        "starlette": {
            "hashes": [
                "sha256:6fe59f29268538e5d0d182f2791a479a0c64638e6935d1c6989e63fb2699c6ee",
                "sha256:9af890290133b79fc3db55474ade20f6220a364a0402e0b556e7cd5e1e093823"
            ],
            "markers": "python_version >= '3.8'",
            "version": "==0.37.2"
        },
        "toml": {
            "hashes": [
                "sha256:806143ae5bfb6a3c6e736a764057db0e6a0e05e338b5630894a5f779cabb4f9b",
                "sha256:b3bda1d108d5dd99f4a20d24d9c348e91c4db7ab1b749200bded2f839ccbe68f"
            ],
            "markers": "python_version >= '2.6' and python_version not in '3.0, 3.1, 3.2, 3.3'",
            "version": "==0.10.2"
        },
        "typing-extensions": {
            "hashes": [
                "sha256:69b1a937c3a517342112fb4c6df7e72fc39a38e7891a5730ed4985b5214b5475",
                "sha256:b0abd7c89e8fb96f98db18d86106ff1d90ab692004eb746cf6eda2682f91b3cb"
            ],
            "index": "pypi",
            "markers": "python_version >= '3.8'",
            "version": "==4.10.0"
        },
        "uvicorn": {
            "hashes": [
                "sha256:2c2aac7ff4f4365c206fd773a39bf4ebd1047c238f8b8268ad996829323473de",
                "sha256:6a69214c0b6a087462412670b3ef21224fa48cae0e452b5883e8e8bdfdd11dd0"
            ],
            "index": "pypi",
            "markers": "python_version >= '3.8'",
            "version": "==0.29.0"
        }
    },
    "develop": {}
}
