{
    "_meta": {
        "hash": {
            "sha256": "f2c7ac5833ddd0ad7ff0c67e5dd237e05f285e8fe9576cb9b6bb9463f206ae55"
        },
        "pipfile-spec": 6,
        "requires": {
            "python_version": "3.12"
        },
        "sources": [
            {
                "name": "pypi",
                "url": "https://pypi.org/simple",
                "verify_ssl": true
            }
        ]
    },
    "default": {
        "annotated-types": {
            "hashes": [
                "sha256:1f02e8b43a8fbbc3f3e0d4f0f4bfc8131bcb4eebe8849b8e5c773f3a1c582a53",
                "sha256:aff07c09a53a08bc8cfccb9c85b05f1aa9a2a6f23728d790723543408344ce89"
            ],
            "markers": "python_version >= '3.8'",
            "version": "==0.7.0"
        },
        "anyio": {
            "hashes": [
                "sha256:5aadc6a1bbb7cdb0bede386cac5e2940f5e2ff3aa20277e991cf028e0585ce94",
                "sha256:c1b2d8f46a8a812513012e1107cb0e68c17159a7a594208005a57dc776e1bdc7"
            ],
            "markers": "python_version >= '3.8'",
            "version": "==4.4.0"
        },
        "beanie": {
            "hashes": [
                "sha256:4436ac740718ccd62b21576778679ac972359fce2938557890c576adbbf5e244",
                "sha256:f153866b9ba015274102e10a397602d088fc039b705bd806cb447c898cd2979b"
            ],
            "index": "pypi",
            "markers": "python_version >= '3.7' and python_version < '4.0'",
            "version": "==1.25.0"
        },
        "click": {
            "hashes": [
                "sha256:ae74fb96c20a0277a1d615f1e4d73c8414f5a98db8b799a7931d1582f3390c28",
                "sha256:ca9853ad459e787e2192211578cc907e7594e294c7ccc834310722b41b9ca6de"
            ],
            "markers": "python_version >= '3.7'",
            "version": "==8.1.7"
        },
        "colorama": {
            "hashes": [
                "sha256:08695f5cb7ed6e0531a20572697297273c47b8cae5a63ffc6d6ed5c201be6e44",
                "sha256:4f1d9991f5acc0ca119f9d443620b77f9d6b33703e51011c16baf57afb285fc6"
            ],
            "markers": "platform_system == 'Windows'",
            "version": "==0.4.6"
        },
        "dnspython": {
            "hashes": [
                "sha256:5ef3b9680161f6fa89daf8ad451b5f1a33b18ae8a1c6778cdf4b43f08c0a6e50",
                "sha256:e8f0f9c23a7b7cb99ded64e6c3a6f3e701d78f50c55e002b839dea7225cff7cc"
            ],
            "markers": "python_version >= '3.8'",
            "version": "==2.6.1"
        },
        "email-validator": {
            "hashes": [
                "sha256:561977c2d73ce3611850a06fa56b414621e0c8faa9d66f2611407d87465da631",
                "sha256:cb690f344c617a714f22e66ae771445a1ceb46821152df8e165c5f9a364582b7"
            ],
            "version": "==2.2.0"
        },
        "fastapi": {
            "hashes": [
                "sha256:555700b0159379e94fdbfc6bb66a0f1c43f4cf7060f25239af3d84b63a656626",
                "sha256:fd7600612f755e4050beb74001310b5a7e1796d149c2ee363124abdfa0289d32"
            ],
            "index": "pypi",
            "markers": "python_version >= '3.8'",
            "version": "==0.110.3"
        },
        "h11": {
            "hashes": [
                "sha256:8f19fbbe99e72420ff35c00b27a34cb9937e902a8b810e2c88300c6f0a3b699d",
                "sha256:e3fe4ac4b851c468cc8363d500db52c2ead036020723024a109d37346efaa761"
            ],
            "markers": "python_version >= '3.7'",
            "version": "==0.14.0"
        },
        "idna": {
            "hashes": [
                "sha256:028ff3aadf0609c1fd278d8ea3089299412a7a8b9bd005dd08b9f8285bcb5cfc",
                "sha256:82fee1fc78add43492d3a1898bfa6d8a904cc97d8427f683ed8e798d07761aa0"
            ],
            "markers": "python_version >= '3.5'",
            "version": "==3.7"
        },
        "lazy-model": {
            "hashes": [
                "sha256:57c0e91e171530c4fca7aebc3ac05a163a85cddd941bf7527cc46c0ddafca47c",
                "sha256:5a3241775c253e36d9069d236be8378288a93d4fc53805211fd152e04cc9c342"
            ],
            "markers": "python_version >= '3.7' and python_version < '4.0'",
            "version": "==0.2.0"
        },
        "motor": {
            "hashes": [
                "sha256:6fe7e6f0c4f430b9e030b9d22549b732f7c2226af3ab71ecc309e4a1b7d19953",
                "sha256:d2fc38de15f1c8058f389c1a44a4d4105c0405c48c061cd492a654496f7bc26a"
            ],
            "index": "pypi",
            "markers": "python_version >= '3.7'",
            "version": "==3.3.2"
        },
        "prometheus-client": {
            "hashes": [
                "sha256:287629d00b147a32dcb2be0b9df905da599b2d82f80377083ec8463309a4bb89",
                "sha256:cde524a85bce83ca359cc837f28b8c0db5cac7aa653a588fd7e84ba061c329e7"
            ],
            "index": "pypi",
            "markers": "python_version >= '3.8'",
            "version": "==0.20.0"
        },
        "pydantic": {
            "extras": [
                "email"
            ],
            "hashes": [
                "sha256:0c84efd9548d545f63ac0060c1e4d39bb9b14db8b3c0652338aecc07b5adec52",
                "sha256:ee8538d41ccb9c0a9ad3e0e5f07bf15ed8015b481ced539a1759d8cc89ae90d0"
            ],
            "markers": "python_version >= '3.8'",
            "version": "==2.7.4"
        },
        "pydantic-core": {
            "hashes": [
                "sha256:01dd777215e2aa86dfd664daed5957704b769e726626393438f9c87690ce78c3",
                "sha256:0eb2a4f660fcd8e2b1c90ad566db2b98d7f3f4717c64fe0a83e0adb39766d5b8",
                "sha256:0fbbdc827fe5e42e4d196c746b890b3d72876bdbf160b0eafe9f0334525119c8",
                "sha256:123c3cec203e3f5ac7b000bd82235f1a3eced8665b63d18be751f115588fea30",
                "sha256:14601cdb733d741b8958224030e2bfe21a4a881fb3dd6fbb21f071cabd48fa0a",
                "sha256:18f469a3d2a2fdafe99296a87e8a4c37748b5080a26b806a707f25a902c040a8",
                "sha256:19894b95aacfa98e7cb093cd7881a0c76f55731efad31073db4521e2b6ff5b7d",
                "sha256:1b4de2e51bbcb61fdebd0ab86ef28062704f62c82bbf4addc4e37fa4b00b7cbc",
                "sha256:1d886dc848e60cb7666f771e406acae54ab279b9f1e4143babc9c2258213daa2",
                "sha256:1f4d26ceb5eb9eed4af91bebeae4b06c3fb28966ca3a8fb765208cf6b51102ab",
                "sha256:21a5e440dbe315ab9825fcd459b8814bb92b27c974cbc23c3e8baa2b76890077",
                "sha256:293afe532740370aba8c060882f7d26cfd00c94cae32fd2e212a3a6e3b7bc15e",
                "sha256:2f5966897e5461f818e136b8451d0551a2e77259eb0f73a837027b47dc95dab9",
                "sha256:2fd41f6eff4c20778d717af1cc50eca52f5afe7805ee530a4fbd0bae284f16e9",
                "sha256:2fdf2156aa3d017fddf8aea5adfba9f777db1d6022d392b682d2a8329e087cef",
                "sha256:3c40d4eaad41f78e3bbda31b89edc46a3f3dc6e171bf0ecf097ff7a0ffff7cb1",
                "sha256:43d447dd2ae072a0065389092a231283f62d960030ecd27565672bd40746c507",
                "sha256:44a688331d4a4e2129140a8118479443bd6f1905231138971372fcde37e43528",
                "sha256:44c7486a4228413c317952e9d89598bcdfb06399735e49e0f8df643e1ccd0558",
                "sha256:44cd83ab6a51da80fb5adbd9560e26018e2ac7826f9626bc06ca3dc074cd198b",
                "sha256:46387e38bd641b3ee5ce247563b60c5ca098da9c56c75c157a05eaa0933ed154",
                "sha256:4701b19f7e3a06ea655513f7938de6f108123bf7c86bbebb1196eb9bd35cf724",
                "sha256:4748321b5078216070b151d5271ef3e7cc905ab170bbfd27d5c83ee3ec436695",
                "sha256:4b06beb3b3f1479d32befd1f3079cc47b34fa2da62457cdf6c963393340b56e9",
                "sha256:4d0dcc59664fcb8974b356fe0a18a672d6d7cf9f54746c05f43275fc48636851",
                "sha256:4e99bc050fe65c450344421017f98298a97cefc18c53bb2f7b3531eb39bc7805",
                "sha256:509daade3b8649f80d4e5ff21aa5673e4ebe58590b25fe42fac5f0f52c6f034a",
                "sha256:51991a89639a912c17bef4b45c87bd83593aee0437d8102556af4885811d59f5",
                "sha256:53db086f9f6ab2b4061958d9c276d1dbe3690e8dd727d6abf2321d6cce37fa94",
                "sha256:564d7922e4b13a16b98772441879fcdcbe82ff50daa622d681dd682175ea918c",
                "sha256:574d92eac874f7f4db0ca653514d823a0d22e2354359d0759e3f6a406db5d55d",
                "sha256:578e24f761f3b425834f297b9935e1ce2e30f51400964ce4801002435a1b41ef",
                "sha256:59ff3e89f4eaf14050c8022011862df275b552caef8082e37b542b066ce1ff26",
                "sha256:5f09baa656c904807e832cf9cce799c6460c450c4ad80803517032da0cd062e2",
                "sha256:6891a2ae0e8692679c07728819b6e2b822fb30ca7445f67bbf6509b25a96332c",
                "sha256:6a750aec7bf431517a9fd78cb93c97b9b0c496090fee84a47a0d23668976b4b0",
                "sha256:6f5c4d41b2771c730ea1c34e458e781b18cc668d194958e0112455fff4e402b2",
                "sha256:77450e6d20016ec41f43ca4a6c63e9fdde03f0ae3fe90e7c27bdbeaece8b1ed4",
                "sha256:81b5efb2f126454586d0f40c4d834010979cb80785173d1586df845a632e4e6d",
                "sha256:823be1deb01793da05ecb0484d6c9e20baebb39bd42b5d72636ae9cf8350dbd2",
                "sha256:834b5230b5dfc0c1ec37b2fda433b271cbbc0e507560b5d1588e2cc1148cf1ce",
                "sha256:847a35c4d58721c5dc3dba599878ebbdfd96784f3fb8bb2c356e123bdcd73f34",
                "sha256:86110d7e1907ab36691f80b33eb2da87d780f4739ae773e5fc83fb272f88825f",
                "sha256:8951eee36c57cd128f779e641e21eb40bc5073eb28b2d23f33eb0ef14ffb3f5d",
                "sha256:8a7164fe2005d03c64fd3b85649891cd4953a8de53107940bf272500ba8a788b",
                "sha256:8b8bab4c97248095ae0c4455b5a1cd1cdd96e4e4769306ab19dda135ea4cdb07",
                "sha256:90afc12421df2b1b4dcc975f814e21bc1754640d502a2fbcc6d41e77af5ec312",
                "sha256:938cb21650855054dc54dfd9120a851c974f95450f00683399006aa6e8abb057",
                "sha256:942ba11e7dfb66dc70f9ae66b33452f51ac7bb90676da39a7345e99ffb55402d",
                "sha256:972658f4a72d02b8abfa2581d92d59f59897d2e9f7e708fdabe922f9087773af",
                "sha256:97736815b9cc893b2b7f663628e63f436018b75f44854c8027040e05230eeddb",
                "sha256:98906207f29bc2c459ff64fa007afd10a8c8ac080f7e4d5beff4c97086a3dabd",
                "sha256:99457f184ad90235cfe8461c4d70ab7dd2680e28821c29eca00252ba90308c78",
                "sha256:a0d829524aaefdebccb869eed855e2d04c21d2d7479b6cada7ace5448416597b",
                "sha256:a2fdd81edd64342c85ac7cf2753ccae0b79bf2dfa063785503cb85a7d3593223",
                "sha256:a55b5b16c839df1070bc113c1f7f94a0af4433fcfa1b41799ce7606e5c79ce0a",
                "sha256:a642295cd0c8df1b86fc3dced1d067874c353a188dc8e0f744626d49e9aa51c4",
                "sha256:ab86ce7c8f9bea87b9d12c7f0af71102acbf5ecbc66c17796cff45dae54ef9a5",
                "sha256:abc267fa9837245cc28ea6929f19fa335f3dc330a35d2e45509b6566dc18be23",
                "sha256:ae1d6df168efb88d7d522664693607b80b4080be6750c913eefb77e34c12c71a",
                "sha256:b2ebef0e0b4454320274f5e83a41844c63438fdc874ea40a8b5b4ecb7693f1c4",
                "sha256:b48ece5bde2e768197a2d0f6e925f9d7e3e826f0ad2271120f8144a9db18d5c8",
                "sha256:b7cdf28938ac6b8b49ae5e92f2735056a7ba99c9b110a474473fd71185c1af5d",
                "sha256:bb4462bd43c2460774914b8525f79b00f8f407c945d50881568f294c1d9b4443",
                "sha256:bc4ff9805858bd54d1a20efff925ccd89c9d2e7cf4986144b30802bf78091c3e",
                "sha256:c1322d7dd74713dcc157a2b7898a564ab091ca6c58302d5c7b4c07296e3fd00f",
                "sha256:c67598100338d5d985db1b3d21f3619ef392e185e71b8d52bceacc4a7771ea7e",
                "sha256:ca26a1e73c48cfc54c4a76ff78df3727b9d9f4ccc8dbee4ae3f73306a591676d",
                "sha256:d323a01da91851a4f17bf592faf46149c9169d68430b3146dcba2bb5e5719abc",
                "sha256:dc1803ac5c32ec324c5261c7209e8f8ce88e83254c4e1aebdc8b0a39f9ddb443",
                "sha256:e00a3f196329e08e43d99b79b286d60ce46bed10f2280d25a1718399457e06be",
                "sha256:e85637bc8fe81ddb73fda9e56bab24560bdddfa98aa64f87aaa4e4b6730c23d2",
                "sha256:e858ac0a25074ba4bce653f9b5d0a85b7456eaddadc0ce82d3878c22489fa4ee",
                "sha256:eae237477a873ab46e8dd748e515c72c0c804fb380fbe6c85533c7de51f23a8f",
                "sha256:ebef0dd9bf9b812bf75bda96743f2a6c5734a02092ae7f721c048d156d5fabae",
                "sha256:ec3beeada09ff865c344ff3bc2f427f5e6c26401cc6113d77e372c3fdac73864",
                "sha256:f76d0ad001edd426b92233d45c746fd08f467d56100fd8f30e9ace4b005266e4",
                "sha256:f85d05aa0918283cf29a30b547b4df2fbb56b45b135f9e35b6807cb28bc47951",
                "sha256:f9899c94762343f2cc2fc64c13e7cae4c3cc65cdfc87dd810a31654c9b7358cc"
            ],
            "markers": "python_version >= '3.8'",
            "version": "==2.18.4"
        },
        "pydantic-settings": {
            "hashes": [
                "sha256:11ad8bacb68a045f00e4f862c7a718c8a9ec766aa8fd4c32e39a0594b207b53a",
                "sha256:c5802e3d62b78e82522319bbc9b8f8ffb28ad1c988a99311d04f2a6051fca0a7"
            ],
            "index": "pypi",
            "markers": "python_version >= '3.8'",
            "version": "==2.3.4"
        },
        "pyjwt": {
            "hashes": [
                "sha256:57e28d156e3d5c10088e0c68abb90bfac3df82b40a71bd0daa20c65ccd5c23de",
                "sha256:59127c392cc44c2da5bb3192169a91f429924e17aff6534d70fdc02ab3e04320"
            ],
            "index": "pypi",
            "markers": "python_version >= '3.7'",
            "version": "==2.8.0"
        },
        "pymongo": {
            "hashes": [
                "sha256:00e6cfce111883ca63a3c12878286e0b89871f4b840290e61fb6f88ee0e687be",
                "sha256:01277a7e183c59081368e4efbde2b8f577014431b257959ca98d3a4e8682dd51",
                "sha256:0182899aafe830f25cf96c5976d724efeaaf7b6646c15424ad8dd25422b2efe1",
                "sha256:098d420a8214ad25f872de7e8b309441995d12ece0376218a04d9ed5d2222cf3",
                "sha256:0a4ea44e5a913bdb7c9abd34c69e9fcfac10dfaf49765463e0dc1ea922dd2a9d",
                "sha256:0e208f2ab7b495eff8fd175022abfb0abce6307ac5aee3f4de51fc1a459b71c9",
                "sha256:138b9fa18d40401c217bc038a48bcde4160b02d36d8632015b1804971a2eaa2f",
                "sha256:14a82593528cddc93cfea5ee78fac95ae763a3a4e124ca79ee0b24fbbc6da1c9",
                "sha256:151361c101600a85cb1c1e0db4e4b28318b521fcafa9b62d389f7342faaaee80",
                "sha256:17c1c143ba77d6e21fc8b48e93f0a5ed982a23447434e9ee4fbb6d633402506b",
                "sha256:18e5c161b18660f1c9d1f78236de45520a436be65e42b7bb51f25f74ad22bdde",
                "sha256:1c2761302b6cbfd12e239ce1b8061d4cf424a361d199dcb32da534985cae9350",
                "sha256:26d036e0f5de09d0b21d0fc30314fcf2ae6359e4d43ae109aa6cf27b4ce02d30",
                "sha256:2a6ae9a600bbc2dbff719c98bf5da584fb8a4f2bb23729a09be2e9c3dbc61c8a",
                "sha256:2ef1b4992ee1cb8bb16745e70afa0c02c5360220a7a8bb4775888721f052d0a6",
                "sha256:36d7049fc183fe4edda3eae7f66ea14c660921429e082fe90b4b7f4dc6664a70",
                "sha256:391aea047bba928006114282f175bc8d09c53fe1b7d8920bf888325e229302fe",
                "sha256:3b909e5b1864de01510079b39bbdc480720c37747be5552b354bc73f02c24a3c",
                "sha256:3e1ba5a037c526a3f4060c28f8d45d71ed9626e2bf954b0cd9a8dcc3b45172ee",
                "sha256:400074090b9a631f120b42c61b222fd743490c133a5d2f99c0208cefcccc964e",
                "sha256:462684a6f5ce6f2661c30eab4d1d459231e0eed280f338e716e31a24fc09ccb3",
                "sha256:4670edbb5ddd71a4d555668ef99b032a5f81b59e4145d66123aa0d831eac7883",
                "sha256:48c60bd32ec141c0d45d8471179430003d9fb4490da181b8165fb1dce9cc255c",
                "sha256:4955be64d943b30f2a7ff98d818ca530f7cb37450bc6b32c37e0e74821907ef8",
                "sha256:4a0660ce32d8459b7f12dc3ca0141528fead62d3cce31b548f96f30902074cc0",
                "sha256:4d167d546352869125dc86f6fda6dffc627d8a9c8963eaee665825f2520d542b",
                "sha256:53451190b8628e1ce7d1fe105dc376c3f10705127bd3b51fe3e107b9ff1851e6",
                "sha256:5c8a4982f5eb767c6fbfb8fb378683d09bcab7c3251ba64357eef600d43f6c23",
                "sha256:5f465cca9b178e7bb782f952dd58e9e92f8ba056e585959465f2bb50feddef5f",
                "sha256:60931b0e07448afe8866ffff764cd5bf4b1a855dc84c7dcb3974c6aa6a377a59",
                "sha256:664c64b6bdb31aceb80f0556951e5e2bf50d359270732268b4e7af00a1cf5d6c",
                "sha256:6b5aec78aa4840e8d6c3881900259892ab5733a366696ca10d99d68c3d73eaaf",
                "sha256:6cec7279e5a1b74b257d0270a8c97943d745811066630a6bc6beb413c68c6a33",
                "sha256:6d5b35da9e16cda630baed790ffc3d0d01029d269523a7cec34d2ec7e6823e75",
                "sha256:6de33f1b2eed91b802ec7abeb92ffb981d052f3604b45588309aae9e0f6e3c02",
                "sha256:705a9bfd619301ee7e985d6f91f68b15dfcb2f6f36b8cc225cc82d4260d2bce5",
                "sha256:722f2b709b63311c0efda4fa4c603661faa4bec6bad24a6cc41a3bc6d841bf09",
                "sha256:731a92dfc4022db763bfa835c6bd160f2d2cba6ada75749c2ed500e13983414b",
                "sha256:7330245253fbe2e09845069d2f4d35dd27f63e377034c94cb0ddac18bc8b0d82",
                "sha256:75107a386d4ccf5291e75cce8ca3898430e7907f4cc1208a17c9efad33a1ea84",
                "sha256:7df8b166d3db6cfead4cf55b481408d8f0935d8bd8d6dbf64507c49ef82c7200",
                "sha256:7ee79e02a7c5ed34706ecb5dad19e6c7d267cf86d28c075ef3127c58f3081279",
                "sha256:872bad5c83f7eec9da11e1fef5f858c6a4c79fe4a83c7780e7b0fe95d560ae3f",
                "sha256:8b3853fb66bf34ce1b6e573e1bbb3cb28763be9d1f57758535757faf1ab2f24a",
                "sha256:8d0ea740a2faa56f930dc82c5976d96c017ece26b29a1cddafb58721c7aab960",
                "sha256:8e97c138d811e9367723fcd07c4402a9211caae20479fdd6301d57762778a69f",
                "sha256:90525454546536544307e6da9c81f331a71a1b144e2d038fec587cc9f9250285",
                "sha256:9066dff9dc0a182478ca5885d0b8a2b820b462e19459ada109df7a3ced31b272",
                "sha256:9757602fb45c8ecc1883fe6db7c59c19d87eb3c645ec9342d28a6026837da931",
                "sha256:98877a9c4ad42df8253a12d8d17a3265781d1feb5c91c767bd153f88feb0b670",
                "sha256:994386a4d6ad39e18bcede6dc8d1d693ec3ed897b88f86b1841fbc37227406da",
                "sha256:9b35f8bded43ff91475305445fedf0613f880ff7e25c75ae1028e1260a9b7a86",
                "sha256:9c9340c7161e112e36ebb97fbba1cdbe7db3dfacb694d2918b1f155a01f3d859",
                "sha256:9e51e30d67b468a2a634ade928b30cb3e420127f148a9aec60de33f39087bdc4",
                "sha256:a023804a3ac0f85d4510265b60978522368b5815772262e61e3a2222a8b315c9",
                "sha256:aa310096450e9c461b7dfd66cbc1c41771fe36c06200440bb3e062b1d4a06b6e",
                "sha256:af039afc6d787502c02089759778b550cb2f25dbe2780f5b050a2e37031c3fbf",
                "sha256:af5c5112db04cf62a5d9d224a24f289aaecb47d152c08a457cca81cee061d5bd",
                "sha256:b3d10bdd46cbc35a2109737d36ffbef32e7420569a87904738ad444ccb7ac2c5",
                "sha256:b7cf28d9c90e40d4e385b858e4095739829f466f23e08674085161d86bb4bb10",
                "sha256:bec8e4e88984be157408f1923d25869e1b575c07711cdbdde596f66931800934",
                "sha256:becfa816545a48c8e740ac2fd624c1c121e1362072d68ffcf37a6b1be8ea187e",
                "sha256:c2ad3e5bfcd345c0bfe9af69a82d720860b5b043c1657ffb513c18a0dee19c19",
                "sha256:c4726e36a2f7e92f09f5b8e92ba4db7525daffe31a0dcbcf0533edc0ade8c7d8",
                "sha256:c67c19f653053ef2ebd7f1837c2978400058d6d7f66ec5760373a21eaf660158",
                "sha256:c701de8e483fb5e53874aab642235361aac6de698146b02c644389eaa8c137b6",
                "sha256:cc7a26edf79015c58eea46feb5b262cece55bc1d4929a8a9e0cbe7e6d6a9b0eb",
                "sha256:ccc15a7c7a99aed7d0831eaf78a607f1db0c7a255f96e3d18984231acd72f70c",
                "sha256:cd6c15242d9306ff1748681c3235284cbe9f807aeaa86cd17d85e72af626e9a7",
                "sha256:cdbea2aac1a4caa66ee912af3601557d2bda2f9f69feec83601c78c7e53ece64",
                "sha256:d30d5d7963453b478016bf7b0d87d7089ca24d93dbdecfbc9aa32f1b4772160a",
                "sha256:dde9fb6e105ce054339256a8b7a9775212ebb29596ef4e402d7bbc63b354d202",
                "sha256:e097f877de4d6af13a33ef938bf2a2350f424be5deabf8b857da95f5b080487a",
                "sha256:e1e1586ebdebe0447a24842480defac17c496430a218486c96e2da3f164c0f05",
                "sha256:e344d0afdd7c06c1f1e66a4736593293f432defc2191e6b411fc9c82fa8c5adc",
                "sha256:e4056bc421d4df2c61db4e584415f2b0f1eebb92cbf9222f7f38303467c37117",
                "sha256:e420e74c6db4594a6d09f39b58c0772679006cb0b4fc40901ba608794d87dad2",
                "sha256:e458e6fc2b7dd40d15cda04898bd2d8c9ff7ae086c516bc261628d54eb4e3158",
                "sha256:eaf3d594ebfd5e1f3503d81e06a5d78e33cda27418b36c2491c3d4ad4fca5972",
                "sha256:ebcc145c74d06296ce0cad35992185064e5cb2aadef719586778c144f0cd4d37",
                "sha256:f4330c022024e7994b630199cdae909123e4b0e9cf15335de71b146c0f6a2435",
                "sha256:ff7d1f449fcad23d9bc8e8dc2b9972be38bcd76d99ea5f7d29b2efa929c2a7ff"
            ],
            "index": "pypi",
            "markers": "python_version >= '3.7'",
            "version": "==4.6.3"
        },
        "python-dotenv": {
            "hashes": [
                "sha256:e324ee90a023d808f1959c46bcbc04446a10ced277783dc6ee09987c37ec10ca",
                "sha256:f7b63ef50f1b690dddf550d03497b66d609393b40b564ed0d674909a68ebf16a"
            ],
            "index": "pypi",
            "markers": "python_version >= '3.8'",
            "version": "==1.0.1"
        },
        "sniffio": {
            "hashes": [
                "sha256:2f6da418d1f1e0fddd844478f41680e794e6051915791a034ff65e5f100525a2",
                "sha256:f4324edc670a0f49750a81b895f35c3adb843cca46f0530f79fc1babb23789dc"
            ],
            "markers": "python_version >= '3.7'",
            "version": "==1.3.1"
        },
        "starlette": {
            "hashes": [
                "sha256:6fe59f29268538e5d0d182f2791a479a0c64638e6935d1c6989e63fb2699c6ee",
                "sha256:9af890290133b79fc3db55474ade20f6220a364a0402e0b556e7cd5e1e093823"
            ],
            "markers": "python_version >= '3.8'",
            "version": "==0.37.2"
        },
        "toml": {
            "hashes": [
                "sha256:806143ae5bfb6a3c6e736a764057db0e6a0e05e338b5630894a5f779cabb4f9b",
                "sha256:b3bda1d108d5dd99f4a20d24d9c348e91c4db7ab1b749200bded2f839ccbe68f"
            ],
            "markers": "python_version >= '2.6' and python_version not in '3.0, 3.1, 3.2, 3.3'",
            "version": "==0.10.2"
        },
        "typing-extensions": {
            "hashes": [
                "sha256:69b1a937c3a517342112fb4c6df7e72fc39a38e7891a5730ed4985b5214b5475",
                "sha256:b0abd7c89e8fb96f98db18d86106ff1d90ab692004eb746cf6eda2682f91b3cb"
            ],
            "index": "pypi",
            "markers": "python_version >= '3.8'",
            "version": "==4.10.0"
        },
        "uvicorn": {
            "hashes": [
                "sha256:2c2aac7ff4f4365c206fd773a39bf4ebd1047c238f8b8268ad996829323473de",
                "sha256:6a69214c0b6a087462412670b3ef21224fa48cae0e452b5883e8e8bdfdd11dd0"
            ],
            "index": "pypi",
            "markers": "python_version >= '3.8'",
            "version": "==0.29.0"
        }
    },
    "develop": {}
}
